
Microsoft Visual Studio Solution File, Format Version 12.00
# Visual Studio Version 16
VisualStudioVersion = 16.0.30523.141
MinimumVisualStudioVersion = 10.0.40219.1
Project("{FAE04EC0-301F-11D3-BF4B-00C04F79EFBC}") = "ADETQ3_Michelle_Espeleta", "ADETQ3_Michelle_Espeleta.csproj", "{EA687185-7869-47F3-B3E8-69168C03F962}"
EndProject
Global
	GlobalSection(SolutionConfigurationPlatforms) = preSolution
		Debug|Any CPU = Debug|Any CPU
		Release|Any CPU = Release|Any CPU
	EndGlobalSection
	GlobalSection(ProjectConfigurationPlatforms) = postSolution
		{EA687185-7869-47F3-B3E8-69168C03F962}.Debug|Any CPU.ActiveCfg = Debug|Any CPU
		{EA687185-7869-47F3-B3E8-69168C03F962}.Debug|Any CPU.Build.0 = Debug|Any CPU
		{EA687185-7869-47F3-B3E8-69168C03F962}.Release|Any CPU.ActiveCfg = Release|Any CPU
		{EA687185-7869-47F3-B3E8-69168C03F962}.Release|Any CPU.Build.0 = Release|Any CPU
	EndGlobalSection
	GlobalSection(SolutionProperties) = preSolution
		HideSolutionNode = FALSE
	EndGlobalSection
	GlobalSection(ExtensibilityGlobals) = postSolution
		SolutionGuid = {9A858406-F6FD-4A08-BB45-AB0096A9EBFA}
	EndGlobalSection
EndGlobal
